
Microsoft Visual Studio Solution File, Format Version 12.00
# Visual Studio Version 17
VisualStudioVersion = 17.11.34929.205
MinimumVisualStudioVersion = 10.0.40219.1
Project("{2150E333-8FDC-42A3-9474-1A3956D46DE8}") = "Extension", "Extension", "{5D262277-BC90-4030-9223-48C2F753FE87}"
EndProject
Project("{2150E333-8FDC-42A3-9474-1A3956D46DE8}") = "UnitTest", "UnitTest", "{29CC48BD-FEF7-4D74-B1A5-79B0996D82AB}"
EndProject
Project("{2150E333-8FDC-42A3-9474-1A3956D46DE8}") = "Benchmark", "Benchmark", "{4FEB10AF-19F4-46AE-8BD0-54C6420A692C}"
EndProject
Project("{9A19103F-16F7-4668-BE54-9A1E7A4F7556}") = "BenchmarkTest", "Benchmark\BenchmarkTest\BenchmarkTest.csproj", "{E70C3AA8-58CE-4B9A-8C8A-3D080F42C8E0}"
EndProject
Project("{9A19103F-16F7-4668-BE54-9A1E7A4F7556}") = "Kane.Extension", "Extension\Kane.Extension\Kane.Extension.csproj", "{FFB5CC38-C9EF-45F2-9BC3-EE1A1C5E6D47}"
EndProject
Project("{9A19103F-16F7-4668-BE54-9A1E7A4F7556}") = "ExtensionTest", "UnitTest\ExtensionTest\ExtensionTest.csproj", "{74690B14-26B3-445B-A8A6-A90CC989E42A}"
EndProject
Global
	GlobalSection(SolutionConfigurationPlatforms) = preSolution
		Debug|Any CPU = Debug|Any CPU
		Release|Any CPU = Release|Any CPU
	EndGlobalSection
	GlobalSection(ProjectConfigurationPlatforms) = postSolution
		{E70C3AA8-58CE-4B9A-8C8A-3D080F42C8E0}.Debug|Any CPU.ActiveCfg = Debug|Any CPU
		{E70C3AA8-58CE-4B9A-8C8A-3D080F42C8E0}.Debug|Any CPU.Build.0 = Debug|Any CPU
		{E70C3AA8-58CE-4B9A-8C8A-3D080F42C8E0}.Release|Any CPU.ActiveCfg = Release|Any CPU
		{E70C3AA8-58CE-4B9A-8C8A-3D080F42C8E0}.Release|Any CPU.Build.0 = Release|Any CPU
		{FFB5CC38-C9EF-45F2-9BC3-EE1A1C5E6D47}.Debug|Any CPU.ActiveCfg = Debug|Any CPU
		{FFB5CC38-C9EF-45F2-9BC3-EE1A1C5E6D47}.Debug|Any CPU.Build.0 = Debug|Any CPU
		{FFB5CC38-C9EF-45F2-9BC3-EE1A1C5E6D47}.Release|Any CPU.ActiveCfg = Release|Any CPU
		{FFB5CC38-C9EF-45F2-9BC3-EE1A1C5E6D47}.Release|Any CPU.Build.0 = Release|Any CPU
		{74690B14-26B3-445B-A8A6-A90CC989E42A}.Debug|Any CPU.ActiveCfg = Debug|Any CPU
		{74690B14-26B3-445B-A8A6-A90CC989E42A}.Debug|Any CPU.Build.0 = Debug|Any CPU
		{74690B14-26B3-445B-A8A6-A90CC989E42A}.Release|Any CPU.ActiveCfg = Release|Any CPU
		{74690B14-26B3-445B-A8A6-A90CC989E42A}.Release|Any CPU.Build.0 = Release|Any CPU
	EndGlobalSection
	GlobalSection(SolutionProperties) = preSolution
		HideSolutionNode = FALSE
	EndGlobalSection
	GlobalSection(NestedProjects) = preSolution
		{E70C3AA8-58CE-4B9A-8C8A-3D080F42C8E0} = {4FEB10AF-19F4-46AE-8BD0-54C6420A692C}
		{FFB5CC38-C9EF-45F2-9BC3-EE1A1C5E6D47} = {5D262277-BC90-4030-9223-48C2F753FE87}
		{74690B14-26B3-445B-A8A6-A90CC989E42A} = {29CC48BD-FEF7-4D74-B1A5-79B0996D82AB}
	EndGlobalSection
	GlobalSection(ExtensibilityGlobals) = postSolution
		SolutionGuid = {B1AAF2D3-6A9E-4B8B-806D-7C0CDB21AACA}
	EndGlobalSection
EndGlobal
